hash: 6de00a35e093a0ec5613adad5fc80114ccc3677684e67e4d7fb01489f9e3c570
updated: 2017-04-26T22:23:53.06162885-03:00
imports:
- name: github.com/coreos/go-semver
  version: 8ab6407b697782a06568d4b7f1db25550ec2e4c6
  subpackages:
  - semver
- name: github.com/cpuguy83/go-md2man
  version: a65d4d2de4d5f7c74868dfa9b202a3c8be315aaa
  subpackages:
  - md2man
- name: github.com/dgrijalva/jwt-go
  version: d2709f9f1f31ebcda9651b03077758c1f3a0018c
- name: github.com/equinox-io/equinox
  version: 6f97d0d3970881d3e53dd6f547a41109eb055e54
  subpackages:
  - internal/go-update
  - internal/go-update/internal/binarydist
  - internal/go-update/internal/osext
  - internal/osext
  - proto
- name: github.com/hashicorp/errwrap
  version: 7554cd9344cec97297fa6649b055a8c98c2a1e55
- name: github.com/hashicorp/go-version
  version: deeb027c13a95d56c7585df3fe29207208c6706e
- name: github.com/henvic/pseudoterm
  version: 1e7fa843ce8fcc56d8c355a450cd952538ba48c7
- name: github.com/henvic/uilive
  version: dc7a6ced9df35e99c5bafbe99cb1bf59a5965224
- name: github.com/inconshreveable/mousetrap
  version: 76626ae9c91c4f2a10f34cad8ce83ea42c93bb75
- name: github.com/kylelemons/godebug
  version: eadb3ce320cbab8393bea5ca17bebac3f78a021b
  subpackages:
  - diff
  - pretty
- name: github.com/mattn/go-isatty
  version: fc9e8d8ef48496124e79ae0df75490096eccf6fe
- name: github.com/mitchellh/go-wordwrap
  version: ad45545899c7b13c020ea92b2072220eefad42b8
- name: github.com/pkg/browser
  version: 8189194c9f158043d6d45a0b939a47a924ea4b13
- name: github.com/russross/blackfriday
  version: 35eb537633d9950afc8ae7bdf0edb6134584e9fc
- name: github.com/satori/go.uuid
  version: 879c5887cd475cd7864858769793b2ceb0d44feb
- name: github.com/shurcooL/sanitized_anchor_name
  version: 10ef21a441db47d8b13ebcc5fd2310f636973c77
- name: github.com/spf13/cobra
  version: 3d7bff8a321b0a0f88b115558bb7e21bec9124ab
  subpackages:
  - doc
- name: github.com/spf13/pflag
  version: f1d95a35e132e8a1868023a08932b14f0b8b8fcb
- name: github.com/wedeploy/api-go
  version: e4258f3d87609e819bd8a9f998ca31c5d538f19e
  subpackages:
  - aggregation
  - filter
  - geo
  - jsonlib
  - qrange
  - query
  - urilib
- name: golang.org/x/crypto
  version: 81372b2fc2f10bef2a7f338da115c315a56b2726
  subpackages:
  - ssh/terminal
- name: golang.org/x/sys
  version: 8f0908ab3b2457e2e15403d3697c9ef5cb4b57a9
  subpackages:
  - unix
- name: gopkg.in/ini.v1
  version: e7fea39b01aea8d5671f6858f0532f56e8bff3a5
testImports:
- name: github.com/kr/pty
  version: ce7fa45920dc37a92de8377972e52bc55ffa8d57
