hash: e51662fa6bd5a1091430ad3de34ba4c97e2bae819b7097682f9662e44103a4bd
updated: 2016-09-14T19:34:38.958491064-03:00
imports:
- name: github.com/cpuguy83/go-md2man
  version: a65d4d2de4d5f7c74868dfa9b202a3c8be315aaa
  subpackages:
  - md2man
- name: github.com/equinox-io/equinox
  version: 6f97d0d3970881d3e53dd6f547a41109eb055e54
  subpackages:
  - internal/go-update
  - internal/go-update/internal/binarydist
  - internal/go-update/internal/osext
  - internal/osext
  - proto
- name: github.com/hashicorp/errwrap
  version: 7554cd9344cec97297fa6649b055a8c98c2a1e55
- name: github.com/henvic/uilive
  version: 5fa69abff5263544d2b7fd68e21ab36a3a381a1b
- name: github.com/howeyc/gopass
  version: 26c6e1184fd5255fa5f5289d0b789a4819c203a4
- name: github.com/inconshreveable/mousetrap
  version: 76626ae9c91c4f2a10f34cad8ce83ea42c93bb75
- name: github.com/kylelemons/godebug
  version: eadb3ce320cbab8393bea5ca17bebac3f78a021b
  subpackages:
  - diff
  - pretty
- name: github.com/mattn/go-isatty
  version: 66b8e73f3f5cda9f96b69efd03dd3d7fc4a5cdb8
- name: github.com/mitchellh/go-wordwrap
  version: ad45545899c7b13c020ea92b2072220eefad42b8
- name: github.com/russross/blackfriday
  version: 35eb537633d9950afc8ae7bdf0edb6134584e9fc
- name: github.com/shurcooL/sanitized_anchor_name
  version: 10ef21a441db47d8b13ebcc5fd2310f636973c77
- name: github.com/spf13/cobra
  version: 9c28e4bbd74e5c3ed7aacbc552b2cab7cfdfe744
  subpackages:
  - doc
- name: github.com/spf13/pflag
  version: 7b17cc4658ef5ca157b986ea5c0b43af7938532b
- name: github.com/wedeploy/api-go
  version: 7a3b231eabc524a88219bcfc8b641c7938a5f7f6
  subpackages:
  - aggregation
  - filter
  - geo
  - jsonlib
  - qrange
  - query
  - urilib
- name: golang.org/x/crypto
  version: 119f50887f8fe324fe2386421c27a11af014b64e
  subpackages:
  - ssh/terminal
- name: golang.org/x/sys
  version: 30de6d19a3bd89a5f38ae4028e23aaa5582648af
  subpackages:
  - unix
- name: gopkg.in/ini.v1
  version: 6e4869b434bd001f6983749881c7ead3545887d8
testImports: []
